
Microsoft Visual Studio Solution File, Format Version 12.00
Project("{FAE04EC0-301F-11D3-BF4B-00C04F79EFBC}") = "PulseApp.Web.Api", "src\PulseApp.Web.Api\PulseApp.Web.Api.csproj", "{B1FCD2AC-5953-4DBE-8A70-A5CBD8903AB2}"
EndProject
Project("{2150E333-8FDC-42A3-9474-1A3956D46DE8}") = "src", "src", "{734923D6-68EC-4482-B881-8708BFE3E887}"
EndProject
Project("{2150E333-8FDC-42A3-9474-1A3956D46DE8}") = "SolutionItems", "SolutionItems", "{439D9A98-FA06-4018-8BD3-082B87248997}"
	ProjectSection(SolutionItems) = preProject
		.editorconfig = .editorconfig
		.gitignore = .gitignore
		global.json = global.json
		README.md = README.md
	EndProjectSection
EndProject
Project("{2150E333-8FDC-42A3-9474-1A3956D46DE8}") = "Common", "Common", "{2552A26A-1A24-4BE4-A96B-E43DD2A2750B}"
EndProject
Project("{2150E333-8FDC-42A3-9474-1A3956D46DE8}") = "Infrastructure", "Infrastructure", "{84A790F8-C1F5-4F7F-AC3A-8660E04610A6}"
EndProject
Project("{FAE04EC0-301F-11D3-BF4B-00C04F79EFBC}") = "PulseApp.Application", "src\Common\PulseApp.Application\PulseApp.Application.csproj", "{ED40BF93-9C21-40F5-9EEE-AB466B3767E1}"
EndProject
Project("{FAE04EC0-301F-11D3-BF4B-00C04F79EFBC}") = "PulseApp.Common", "src\Common\PulseApp.Common\PulseApp.Common.csproj", "{663A18F2-990A-4E36-BCE1-2FFF9C275ED1}"
EndProject
Project("{FAE04EC0-301F-11D3-BF4B-00C04F79EFBC}") = "PulseApp.Domain", "src\Common\PulseApp.Domain\PulseApp.Domain.csproj", "{9663CAB7-610F-44CA-AF18-BBB9FBFD247A}"
EndProject
Project("{FAE04EC0-301F-11D3-BF4B-00C04F79EFBC}") = "PulseApp.Infrastructure", "src\Infrastructure\PulseApp.Infrastructure\PulseApp.Infrastructure.csproj", "{1C7CEE67-6455-416D-A6D6-8C68AC95212F}"
EndProject
Project("{FAE04EC0-301F-11D3-BF4B-00C04F79EFBC}") = "PulseApp.Logging", "src\Infrastructure\PulseApp.Logging\PulseApp.Logging.csproj", "{D92AFF1D-FD52-46AC-B3AB-815424DBCE13}"
EndProject
Global
	GlobalSection(SolutionConfigurationPlatforms) = preSolution
		Debug|Any CPU = Debug|Any CPU
		Release|Any CPU = Release|Any CPU
	EndGlobalSection
	GlobalSection(ProjectConfigurationPlatforms) = postSolution
		{B1FCD2AC-5953-4DBE-8A70-A5CBD8903AB2}.Debug|Any CPU.ActiveCfg = Debug|Any CPU
		{B1FCD2AC-5953-4DBE-8A70-A5CBD8903AB2}.Debug|Any CPU.Build.0 = Debug|Any CPU
		{B1FCD2AC-5953-4DBE-8A70-A5CBD8903AB2}.Release|Any CPU.ActiveCfg = Release|Any CPU
		{B1FCD2AC-5953-4DBE-8A70-A5CBD8903AB2}.Release|Any CPU.Build.0 = Release|Any CPU
		{ED40BF93-9C21-40F5-9EEE-AB466B3767E1}.Debug|Any CPU.ActiveCfg = Debug|Any CPU
		{ED40BF93-9C21-40F5-9EEE-AB466B3767E1}.Debug|Any CPU.Build.0 = Debug|Any CPU
		{ED40BF93-9C21-40F5-9EEE-AB466B3767E1}.Release|Any CPU.ActiveCfg = Release|Any CPU
		{ED40BF93-9C21-40F5-9EEE-AB466B3767E1}.Release|Any CPU.Build.0 = Release|Any CPU
		{663A18F2-990A-4E36-BCE1-2FFF9C275ED1}.Debug|Any CPU.ActiveCfg = Debug|Any CPU
		{663A18F2-990A-4E36-BCE1-2FFF9C275ED1}.Debug|Any CPU.Build.0 = Debug|Any CPU
		{663A18F2-990A-4E36-BCE1-2FFF9C275ED1}.Release|Any CPU.ActiveCfg = Release|Any CPU
		{663A18F2-990A-4E36-BCE1-2FFF9C275ED1}.Release|Any CPU.Build.0 = Release|Any CPU
		{9663CAB7-610F-44CA-AF18-BBB9FBFD247A}.Debug|Any CPU.ActiveCfg = Debug|Any CPU
		{9663CAB7-610F-44CA-AF18-BBB9FBFD247A}.Debug|Any CPU.Build.0 = Debug|Any CPU
		{9663CAB7-610F-44CA-AF18-BBB9FBFD247A}.Release|Any CPU.ActiveCfg = Release|Any CPU
		{9663CAB7-610F-44CA-AF18-BBB9FBFD247A}.Release|Any CPU.Build.0 = Release|Any CPU
		{1C7CEE67-6455-416D-A6D6-8C68AC95212F}.Debug|Any CPU.ActiveCfg = Debug|Any CPU
		{1C7CEE67-6455-416D-A6D6-8C68AC95212F}.Debug|Any CPU.Build.0 = Debug|Any CPU
		{1C7CEE67-6455-416D-A6D6-8C68AC95212F}.Release|Any CPU.ActiveCfg = Release|Any CPU
		{1C7CEE67-6455-416D-A6D6-8C68AC95212F}.Release|Any CPU.Build.0 = Release|Any CPU
		{D92AFF1D-FD52-46AC-B3AB-815424DBCE13}.Debug|Any CPU.ActiveCfg = Debug|Any CPU
		{D92AFF1D-FD52-46AC-B3AB-815424DBCE13}.Debug|Any CPU.Build.0 = Debug|Any CPU
		{D92AFF1D-FD52-46AC-B3AB-815424DBCE13}.Release|Any CPU.ActiveCfg = Release|Any CPU
		{D92AFF1D-FD52-46AC-B3AB-815424DBCE13}.Release|Any CPU.Build.0 = Release|Any CPU
	EndGlobalSection
	GlobalSection(NestedProjects) = preSolution
		{B1FCD2AC-5953-4DBE-8A70-A5CBD8903AB2} = {734923D6-68EC-4482-B881-8708BFE3E887}
		{2552A26A-1A24-4BE4-A96B-E43DD2A2750B} = {734923D6-68EC-4482-B881-8708BFE3E887}
		{84A790F8-C1F5-4F7F-AC3A-8660E04610A6} = {734923D6-68EC-4482-B881-8708BFE3E887}
		{ED40BF93-9C21-40F5-9EEE-AB466B3767E1} = {2552A26A-1A24-4BE4-A96B-E43DD2A2750B}
		{663A18F2-990A-4E36-BCE1-2FFF9C275ED1} = {2552A26A-1A24-4BE4-A96B-E43DD2A2750B}
		{9663CAB7-610F-44CA-AF18-BBB9FBFD247A} = {2552A26A-1A24-4BE4-A96B-E43DD2A2750B}
		{1C7CEE67-6455-416D-A6D6-8C68AC95212F} = {84A790F8-C1F5-4F7F-AC3A-8660E04610A6}
		{D92AFF1D-FD52-46AC-B3AB-815424DBCE13} = {84A790F8-C1F5-4F7F-AC3A-8660E04610A6}
	EndGlobalSection
EndGlobal
